{
  "requires": true,
  "lockfileVersion": 1,
  "dependencies": {
    "leaflet.markercluster": {
      "version": "1.4.1",
      "resolved": "https://registry.npmjs.org/leaflet.markercluster/-/leaflet.markercluster-1.4.1.tgz",
      "integrity": "sha512-ZSEpE/EFApR0bJ1w/dUGwTSUvWlpalKqIzkaYdYB7jaftQA/Y2Jav+eT4CMtEYFj+ZK4mswP13Q2acnPBnhGOw=="
    }
  }
}
